// !$*UTF8*$!
{
	archiveVersion = 1;
	classes = {
	};
	objectVersion = 46;
	objects = {

/* Begin PBXBuildFile section */
		FD1CF3031AAD5222004B2096 /* EHBlurPresentationController.m in Sources */ = {isa = PBXBuildFile; fileRef = FD1CF3021AAD5222004B2096 /* EHBlurPresentationController.m */; };
		FD1CF3061AAD52B5004B2096 /* EHDimPresentationController.m in Sources */ = {isa = PBXBuildFile; fileRef = FD1CF3051AAD52B5004B2096 /* EHDimPresentationController.m */; };
		FD5E962D1AAB6AD300C0AA9D /* EHBooleanSwitchCell.m in Sources */ = {isa = PBXBuildFile; fileRef = FD5E962C1AAB6AD300C0AA9D /* EHBooleanSwitchCell.m */; };
		FD5E96301AAB6D2200C0AA9D /* EHNameValueDisplayCell.m in Sources */ = {isa = PBXBuildFile; fileRef = FD5E962F1AAB6D2200C0AA9D /* EHNameValueDisplayCell.m */; };
		FD5E96331AAB6DC700C0AA9D /* EHNameValueChangeCell.m in Sources */ = {isa = PBXBuildFile; fileRef = FD5E96321AAB6DC700C0AA9D /* EHNameValueChangeCell.m */; };
		FD702A7C1AA8F973003F4FAD /* EHModalPresentationStyleInfo.m in Sources */ = {isa = PBXBuildFile; fileRef = FD702A7B1AA8F973003F4FAD /* EHModalPresentationStyleInfo.m */; };
		FD702A7F1AA8FA34003F4FAD /* EHModalTransitionStyleInfo.m in Sources */ = {isa = PBXBuildFile; fileRef = FD702A7E1AA8FA34003F4FAD /* EHModalTransitionStyleInfo.m */; };
		FD702A8A1AA96194003F4FAD /* EHCustomTransitionStyleInfo.m in Sources */ = {isa = PBXBuildFile; fileRef = FD702A891AA96194003F4FAD /* EHCustomTransitionStyleInfo.m */; };
		FD702A8D1AA962B4003F4FAD /* EHSelectionTableViewController.m in Sources */ = {isa = PBXBuildFile; fileRef = FD702A8C1AA962B4003F4FAD /* EHSelectionTableViewController.m */; };
		FD702A901AA96518003F4FAD /* EHSelectionOption.m in Sources */ = {isa = PBXBuildFile; fileRef = FD702A8F1AA96518003F4FAD /* EHSelectionOption.m */; };
		FD74F38F1AAD116800D45EA1 /* EHViewController.m in Sources */ = {isa = PBXBuildFile; fileRef = FD74F38E1AAD116800D45EA1 /* EHViewController.m */; };
		FD74F3931AAD1A8D00D45EA1 /* EHNavigationController.m in Sources */ = {isa = PBXBuildFile; fileRef = FD74F3921AAD1A8D00D45EA1 /* EHNavigationController.m */; };
		FD75A2671AA8AF12001363DA /* main.m in Sources */ = {isa = PBXBuildFile; fileRef = FD75A2661AA8AF12001363DA /* main.m */; };
		FD75A26A1AA8AF12001363DA /* AppDelegate.m in Sources */ = {isa = PBXBuildFile; fileRef = FD75A2691AA8AF12001363DA /* AppDelegate.m */; };
		FD75A2721AA8AF12001363DA /* Images.xcassets in Resources */ = {isa = PBXBuildFile; fileRef = FD75A2711AA8AF12001363DA /* Images.xcassets */; };
		FD75A2751AA8AF12001363DA /* LaunchScreen.xib in Resources */ = {isa = PBXBuildFile; fileRef = FD75A2731AA8AF12001363DA /* LaunchScreen.xib */; };
		FD75A2811AA8AF13001363DA /* EHCustomTransitionBugTests.m in Sources */ = {isa = PBXBuildFile; fileRef = FD75A2801AA8AF13001363DA /* EHCustomTransitionBugTests.m */; };
		FDAC4C171AAE6194004D3983 /* EHFullScreenPresentationController.m in Sources */ = {isa = PBXBuildFile; fileRef = FDAC4C161AAE6194004D3983 /* EHFullScreenPresentationController.m */; };
		FDAC4C1E1AAE69BC004D3983 /* EHCoverVerticalAnimationController.m in Sources */ = {isa = PBXBuildFile; fileRef = FDAC4C1D1AAE69BC004D3983 /* EHCoverVerticalAnimationController.m */; };
		FDAC4C211AAE7132004D3983 /* EHCrossDissolveAnimationController.m in Sources */ = {isa = PBXBuildFile; fileRef = FDAC4C201AAE7132004D3983 /* EHCrossDissolveAnimationController.m */; };
		FDAC4C241AAE7409004D3983 /* EHZoomInAnimationController.m in Sources */ = {isa = PBXBuildFile; fileRef = FDAC4C231AAE7409004D3983 /* EHZoomInAnimationController.m */; };
		FDAC4C281AAE7A2D004D3983 /* EHCustomPresentationStyleInfo.m in Sources */ = {isa = PBXBuildFile; fileRef = FDAC4C271AAE7A2D004D3983 /* EHCustomPresentationStyleInfo.m */; };
/* End PBXBuildFile section */

/* Begin PBXContainerItemProxy section */
		FD75A27B1AA8AF13001363DA /* PBXContainerItemProxy */ = {
			isa = PBXContainerItemProxy;
			containerPortal = FD75A2591AA8AF12001363DA /* Project object */;
			proxyType = 1;
			remoteGlobalIDString = FD75A2601AA8AF12001363DA;
			remoteInfo = EHCustomTransitionBug;
		};
/* End PBXContainerItemProxy section */

/* Begin PBXFileReference section */
		FD1CF3011AAD5222004B2096 /* EHBlurPresentationController.h */ = {isa = PBXFileReference; fileEncoding = 4; lastKnownFileType = sourcecode.c.h; path = EHBlurPresentationController.h; sourceTree = "<group>"; };
		FD1CF3021AAD5222004B2096 /* EHBlurPresentationController.m */ = {isa = PBXFileReference; fileEncoding = 4; lastKnownFileType = sourcecode.c.objc; path = EHBlurPresentationController.m; sourceTree = "<group>"; };
		FD1CF3041AAD52B5004B2096 /* EHDimPresentationController.h */ = {isa = PBXFileReference; fileEncoding = 4; lastKnownFileType = sourcecode.c.h; path = EHDimPresentationController.h; sourceTree = "<group>"; };
		FD1CF3051AAD52B5004B2096 /* EHDimPresentationController.m */ = {isa = PBXFileReference; fileEncoding = 4; lastKnownFileType = sourcecode.c.objc; path = EHDimPresentationController.m; sourceTree = "<group>"; };
		FD5E962B1AAB6AD300C0AA9D /* EHBooleanSwitchCell.h */ = {isa = PBXFileReference; fileEncoding = 4; lastKnownFileType = sourcecode.c.h; path = EHBooleanSwitchCell.h; sourceTree = "<group>"; };
		FD5E962C1AAB6AD300C0AA9D /* EHBooleanSwitchCell.m */ = {isa = PBXFileReference; fileEncoding = 4; lastKnownFileType = sourcecode.c.objc; path = EHBooleanSwitchCell.m; sourceTree = "<group>"; };
		FD5E962E1AAB6D2200C0AA9D /* EHNameValueDisplayCell.h */ = {isa = PBXFileReference; fileEncoding = 4; lastKnownFileType = sourcecode.c.h; path = EHNameValueDisplayCell.h; sourceTree = "<group>"; };
		FD5E962F1AAB6D2200C0AA9D /* EHNameValueDisplayCell.m */ = {isa = PBXFileReference; fileEncoding = 4; lastKnownFileType = sourcecode.c.objc; path = EHNameValueDisplayCell.m; sourceTree = "<group>"; };
		FD5E96311AAB6DC700C0AA9D /* EHNameValueChangeCell.h */ = {isa = PBXFileReference; fileEncoding = 4; lastKnownFileType = sourcecode.c.h; path = EHNameValueChangeCell.h; sourceTree = "<group>"; };
		FD5E96321AAB6DC700C0AA9D /* EHNameValueChangeCell.m */ = {isa = PBXFileReference; fileEncoding = 4; lastKnownFileType = sourcecode.c.objc; path = EHNameValueChangeCell.m; sourceTree = "<group>"; };
		FD702A7A1AA8F973003F4FAD /* EHModalPresentationStyleInfo.h */ = {isa = PBXFileReference; fileEncoding = 4; lastKnownFileType = sourcecode.c.h; path = EHModalPresentationStyleInfo.h; sourceTree = "<group>"; };
		FD702A7B1AA8F973003F4FAD /* EHModalPresentationStyleInfo.m */ = {isa = PBXFileReference; fileEncoding = 4; lastKnownFileType = sourcecode.c.objc; path = EHModalPresentationStyleInfo.m; sourceTree = "<group>"; };
		FD702A7D1AA8FA34003F4FAD /* EHModalTransitionStyleInfo.h */ = {isa = PBXFileReference; fileEncoding = 4; lastKnownFileType = sourcecode.c.h; path = EHModalTransitionStyleInfo.h; sourceTree = "<group>"; };
		FD702A7E1AA8FA34003F4FAD /* EHModalTransitionStyleInfo.m */ = {isa = PBXFileReference; fileEncoding = 4; lastKnownFileType = sourcecode.c.objc; path = EHModalTransitionStyleInfo.m; sourceTree = "<group>"; };
		FD702A881AA96194003F4FAD /* EHCustomTransitionStyleInfo.h */ = {isa = PBXFileReference; fileEncoding = 4; lastKnownFileType = sourcecode.c.h; path = EHCustomTransitionStyleInfo.h; sourceTree = "<group>"; };
		FD702A891AA96194003F4FAD /* EHCustomTransitionStyleInfo.m */ = {isa = PBXFileReference; fileEncoding = 4; lastKnownFileType = sourcecode.c.objc; path = EHCustomTransitionStyleInfo.m; sourceTree = "<group>"; };
		FD702A8B1AA962B4003F4FAD /* EHSelectionTableViewController.h */ = {isa = PBXFileReference; fileEncoding = 4; lastKnownFileType = sourcecode.c.h; path = EHSelectionTableViewController.h; sourceTree = "<group>"; };
		FD702A8C1AA962B4003F4FAD /* EHSelectionTableViewController.m */ = {isa = PBXFileReference; fileEncoding = 4; lastKnownFileType = sourcecode.c.objc; path = EHSelectionTableViewController.m; sourceTree = "<group>"; };
		FD702A8E1AA96518003F4FAD /* EHSelectionOption.h */ = {isa = PBXFileReference; fileEncoding = 4; lastKnownFileType = sourcecode.c.h; path = EHSelectionOption.h; sourceTree = "<group>"; };
		FD702A8F1AA96518003F4FAD /* EHSelectionOption.m */ = {isa = PBXFileReference; fileEncoding = 4; lastKnownFileType = sourcecode.c.objc; path = EHSelectionOption.m; sourceTree = "<group>"; };
		FD74F38D1AAD116800D45EA1 /* EHViewController.h */ = {isa = PBXFileReference; fileEncoding = 4; lastKnownFileType = sourcecode.c.h; path = EHViewController.h; sourceTree = "<group>"; };
		FD74F38E1AAD116800D45EA1 /* EHViewController.m */ = {isa = PBXFileReference; fileEncoding = 4; lastKnownFileType = sourcecode.c.objc; path = EHViewController.m; sourceTree = "<group>"; };
		FD74F3901AAD19D200D45EA1 /* EHCustomTransitionViewController.h */ = {isa = PBXFileReference; fileEncoding = 4; lastKnownFileType = sourcecode.c.h; path = EHCustomTransitionViewController.h; sourceTree = "<group>"; };
		FD74F3911AAD1A8D00D45EA1 /* EHNavigationController.h */ = {isa = PBXFileReference; fileEncoding = 4; lastKnownFileType = sourcecode.c.h; path = EHNavigationController.h; sourceTree = "<group>"; };
		FD74F3921AAD1A8D00D45EA1 /* EHNavigationController.m */ = {isa = PBXFileReference; fileEncoding = 4; lastKnownFileType = sourcecode.c.objc; path = EHNavigationController.m; sourceTree = "<group>"; };
		FD74F3941AAD257000D45EA1 /* EHUtilities.h */ = {isa = PBXFileReference; lastKnownFileType = sourcecode.c.h; path = EHUtilities.h; sourceTree = "<group>"; };
		FD75A2611AA8AF12001363DA /* EHCustomTransitionBug.app */ = {isa = PBXFileReference; explicitFileType = wrapper.application; includeInIndex = 0; path = EHCustomTransitionBug.app; sourceTree = BUILT_PRODUCTS_DIR; };
		FD75A2651AA8AF12001363DA /* Info.plist */ = {isa = PBXFileReference; lastKnownFileType = text.plist.xml; path = Info.plist; sourceTree = "<group>"; };
		FD75A2661AA8AF12001363DA /* main.m */ = {isa = PBXFileReference; lastKnownFileType = sourcecode.c.objc; path = main.m; sourceTree = "<group>"; };
		FD75A2681AA8AF12001363DA /* AppDelegate.h */ = {isa = PBXFileReference; lastKnownFileType = sourcecode.c.h; path = AppDelegate.h; sourceTree = "<group>"; };
		FD75A2691AA8AF12001363DA /* AppDelegate.m */ = {isa = PBXFileReference; lastKnownFileType = sourcecode.c.objc; path = AppDelegate.m; sourceTree = "<group>"; };
		FD75A2711AA8AF12001363DA /* Images.xcassets */ = {isa = PBXFileReference; lastKnownFileType = folder.assetcatalog; path = Images.xcassets; sourceTree = "<group>"; };
		FD75A2741AA8AF12001363DA /* Base */ = {isa = PBXFileReference; lastKnownFileType = file.xib; name = Base; path = Base.lproj/LaunchScreen.xib; sourceTree = "<group>"; };
		FD75A27A1AA8AF13001363DA /* EHCustomTransitionBugTests.xctest */ = {isa = PBXFileReference; explicitFileType = wrapper.cfbundle; includeInIndex = 0; path = EHCustomTransitionBugTests.xctest; sourceTree = BUILT_PRODUCTS_DIR; };
		FD75A27F1AA8AF13001363DA /* Info.plist */ = {isa = PBXFileReference; lastKnownFileType = text.plist.xml; path = Info.plist; sourceTree = "<group>"; };
		FD75A2801AA8AF13001363DA /* EHCustomTransitionBugTests.m */ = {isa = PBXFileReference; lastKnownFileType = sourcecode.c.objc; path = EHCustomTransitionBugTests.m; sourceTree = "<group>"; };
		FDAC4C151AAE6194004D3983 /* EHFullScreenPresentationController.h */ = {isa = PBXFileReference; fileEncoding = 4; lastKnownFileType = sourcecode.c.h; path = EHFullScreenPresentationController.h; sourceTree = "<group>"; };
		FDAC4C161AAE6194004D3983 /* EHFullScreenPresentationController.m */ = {isa = PBXFileReference; fileEncoding = 4; lastKnownFileType = sourcecode.c.objc; path = EHFullScreenPresentationController.m; sourceTree = "<group>"; };
		FDAC4C181AAE6244004D3983 /* EHPresentationController.h */ = {isa = PBXFileReference; fileEncoding = 4; lastKnownFileType = sourcecode.c.h; path = EHPresentationController.h; sourceTree = "<group>"; };
		FDAC4C191AAE6291004D3983 /* EHCustomPresentationDefinitions.h */ = {isa = PBXFileReference; lastKnownFileType = sourcecode.c.h; path = EHCustomPresentationDefinitions.h; sourceTree = "<group>"; };
		FDAC4C1B1AAE66FF004D3983 /* EHViewControllerAnimatedTransitioning.h */ = {isa = PBXFileReference; fileEncoding = 4; lastKnownFileType = sourcecode.c.h; path = EHViewControllerAnimatedTransitioning.h; sourceTree = "<group>"; };
		FDAC4C1C1AAE69BC004D3983 /* EHCoverVerticalAnimationController.h */ = {isa = PBXFileReference; fileEncoding = 4; lastKnownFileType = sourcecode.c.h; path = EHCoverVerticalAnimationController.h; sourceTree = "<group>"; };
		FDAC4C1D1AAE69BC004D3983 /* EHCoverVerticalAnimationController.m */ = {isa = PBXFileReference; fileEncoding = 4; lastKnownFileType = sourcecode.c.objc; path = EHCoverVerticalAnimationController.m; sourceTree = "<group>"; };
		FDAC4C1F1AAE7132004D3983 /* EHCrossDissolveAnimationController.h */ = {isa = PBXFileReference; fileEncoding = 4; lastKnownFileType = sourcecode.c.h; path = EHCrossDissolveAnimationController.h; sourceTree = "<group>"; };
		FDAC4C201AAE7132004D3983 /* EHCrossDissolveAnimationController.m */ = {isa = PBXFileReference; fileEncoding = 4; lastKnownFileType = sourcecode.c.objc; path = EHCrossDissolveAnimationController.m; sourceTree = "<group>"; };
		FDAC4C221AAE7409004D3983 /* EHZoomInAnimationController.h */ = {isa = PBXFileReference; fileEncoding = 4; lastKnownFileType = sourcecode.c.h; path = EHZoomInAnimationController.h; sourceTree = "<group>"; };
		FDAC4C231AAE7409004D3983 /* EHZoomInAnimationController.m */ = {isa = PBXFileReference; fileEncoding = 4; lastKnownFileType = sourcecode.c.objc; path = EHZoomInAnimationController.m; sourceTree = "<group>"; };
		FDAC4C261AAE7A2D004D3983 /* EHCustomPresentationStyleInfo.h */ = {isa = PBXFileReference; fileEncoding = 4; lastKnownFileType = sourcecode.c.h; path = EHCustomPresentationStyleInfo.h; sourceTree = "<group>"; };
		FDAC4C271AAE7A2D004D3983 /* EHCustomPresentationStyleInfo.m */ = {isa = PBXFileReference; fileEncoding = 4; lastKnownFileType = sourcecode.c.objc; path = EHCustomPresentationStyleInfo.m; sourceTree = "<group>"; };
/* End PBXFileReference section */

/* Begin PBXFrameworksBuildPhase section */
		FD75A25E1AA8AF12001363DA /* Frameworks */ = {
			isa = PBXFrameworksBuildPhase;
			buildActionMask = 2147483647;
			files = (
			);
			runOnlyForDeploymentPostprocessing = 0;
		};
		FD75A2771AA8AF13001363DA /* Frameworks */ = {
			isa = PBXFrameworksBuildPhase;
			buildActionMask = 2147483647;
			files = (
			);
			runOnlyForDeploymentPostprocessing = 0;
		};
/* End PBXFrameworksBuildPhase section */

/* Begin PBXGroup section */
		FD75A2581AA8AF12001363DA = {
			isa = PBXGroup;
			children = (
				FD75A2631AA8AF12001363DA /* EHCustomTransitionBug */,
				FD75A27D1AA8AF13001363DA /* EHCustomTransitionBugTests */,
				FD75A2621AA8AF12001363DA /* Products */,
			);
			sourceTree = "<group>";
		};
		FD75A2621AA8AF12001363DA /* Products */ = {
			isa = PBXGroup;
			children = (
				FD75A2611AA8AF12001363DA /* EHCustomTransitionBug.app */,
				FD75A27A1AA8AF13001363DA /* EHCustomTransitionBugTests.xctest */,
			);
			name = Products;
			sourceTree = "<group>";
		};
		FD75A2631AA8AF12001363DA /* EHCustomTransitionBug */ = {
			isa = PBXGroup;
			children = (
				FDAC4C251AAE79EE004D3983 /* Model Classes */,
				FDAC4C141AAE6111004D3983 /* Table View Cells */,
				FDAC4C131AAE60EB004D3983 /* Animation Controllers */,
				FDAC4C121AAE60D1004D3983 /* Presentation Controllers */,
				FD75A2681AA8AF12001363DA /* AppDelegate.h */,
				FD75A2691AA8AF12001363DA /* AppDelegate.m */,
				FD75A2711AA8AF12001363DA /* Images.xcassets */,
				FD75A2731AA8AF12001363DA /* LaunchScreen.xib */,
				FD75A2641AA8AF12001363DA /* Supporting Files */,
				FD702A8B1AA962B4003F4FAD /* EHSelectionTableViewController.h */,
				FD702A8C1AA962B4003F4FAD /* EHSelectionTableViewController.m */,
				FD702A8E1AA96518003F4FAD /* EHSelectionOption.h */,
				FD702A8F1AA96518003F4FAD /* EHSelectionOption.m */,
				FD74F38D1AAD116800D45EA1 /* EHViewController.h */,
				FD74F38E1AAD116800D45EA1 /* EHViewController.m */,
				FD74F3901AAD19D200D45EA1 /* EHCustomTransitionViewController.h */,
				FD74F3911AAD1A8D00D45EA1 /* EHNavigationController.h */,
				FD74F3921AAD1A8D00D45EA1 /* EHNavigationController.m */,
				FD74F3941AAD257000D45EA1 /* EHUtilities.h */,
				FDAC4C191AAE6291004D3983 /* EHCustomPresentationDefinitions.h */,
			);
			path = EHCustomTransitionBug;
			sourceTree = "<group>";
		};
		FD75A2641AA8AF12001363DA /* Supporting Files */ = {
			isa = PBXGroup;
			children = (
				FD75A2651AA8AF12001363DA /* Info.plist */,
				FD75A2661AA8AF12001363DA /* main.m */,
			);
			name = "Supporting Files";
			sourceTree = "<group>";
		};
		FD75A27D1AA8AF13001363DA /* EHCustomTransitionBugTests */ = {
			isa = PBXGroup;
			children = (
				FD75A2801AA8AF13001363DA /* EHCustomTransitionBugTests.m */,
				FD75A27E1AA8AF13001363DA /* Supporting Files */,
			);
			path = EHCustomTransitionBugTests;
			sourceTree = "<group>";
		};
		FD75A27E1AA8AF13001363DA /* Supporting Files */ = {
			isa = PBXGroup;
			children = (
				FD75A27F1AA8AF13001363DA /* Info.plist */,
			);
			name = "Supporting Files";
			sourceTree = "<group>";
		};
		FDAC4C121AAE60D1004D3983 /* Presentation Controllers */ = {
			isa = PBXGroup;
			children = (
				FD1CF3011AAD5222004B2096 /* EHBlurPresentationController.h */,
				FD1CF3021AAD5222004B2096 /* EHBlurPresentationController.m */,
				FD1CF3041AAD52B5004B2096 /* EHDimPresentationController.h */,
				FD1CF3051AAD52B5004B2096 /* EHDimPresentationController.m */,
				FDAC4C151AAE6194004D3983 /* EHFullScreenPresentationController.h */,
				FDAC4C161AAE6194004D3983 /* EHFullScreenPresentationController.m */,
				FDAC4C181AAE6244004D3983 /* EHPresentationController.h */,
			);
			name = "Presentation Controllers";
			sourceTree = "<group>";
		};
		FDAC4C131AAE60EB004D3983 /* Animation Controllers */ = {
			isa = PBXGroup;
			children = (
				FDAC4C1C1AAE69BC004D3983 /* EHCoverVerticalAnimationController.h */,
				FDAC4C1D1AAE69BC004D3983 /* EHCoverVerticalAnimationController.m */,
				FDAC4C1F1AAE7132004D3983 /* EHCrossDissolveAnimationController.h */,
				FDAC4C201AAE7132004D3983 /* EHCrossDissolveAnimationController.m */,
				FDAC4C221AAE7409004D3983 /* EHZoomInAnimationController.h */,
				FDAC4C231AAE7409004D3983 /* EHZoomInAnimationController.m */,
				FDAC4C1B1AAE66FF004D3983 /* EHViewControllerAnimatedTransitioning.h */,
			);
			name = "Animation Controllers";
			sourceTree = "<group>";
		};
		FDAC4C141AAE6111004D3983 /* Table View Cells */ = {
			isa = PBXGroup;
			children = (
				FD5E962B1AAB6AD300C0AA9D /* EHBooleanSwitchCell.h */,
				FD5E962C1AAB6AD300C0AA9D /* EHBooleanSwitchCell.m */,
				FD5E962E1AAB6D2200C0AA9D /* EHNameValueDisplayCell.h */,
				FD5E962F1AAB6D2200C0AA9D /* EHNameValueDisplayCell.m */,
				FD5E96311AAB6DC700C0AA9D /* EHNameValueChangeCell.h */,
				FD5E96321AAB6DC700C0AA9D /* EHNameValueChangeCell.m */,
			);
			name = "Table View Cells";
			sourceTree = "<group>";
		};
		FDAC4C251AAE79EE004D3983 /* Model Classes */ = {
			isa = PBXGroup;
			children = (
				FD702A7A1AA8F973003F4FAD /* EHModalPresentationStyleInfo.h */,
				FD702A7B1AA8F973003F4FAD /* EHModalPresentationStyleInfo.m */,
				FD702A7D1AA8FA34003F4FAD /* EHModalTransitionStyleInfo.h */,
				FD702A7E1AA8FA34003F4FAD /* EHModalTransitionStyleInfo.m */,
				FD702A881AA96194003F4FAD /* EHCustomTransitionStyleInfo.h */,
				FD702A891AA96194003F4FAD /* EHCustomTransitionStyleInfo.m */,
				FDAC4C261AAE7A2D004D3983 /* EHCustomPresentationStyleInfo.h */,
				FDAC4C271AAE7A2D004D3983 /* EHCustomPresentationStyleInfo.m */,
			);
			name = "Model Classes";
			sourceTree = "<group>";
		};
/* End PBXGroup section */

/* Begin PBXNativeTarget section */
		FD75A2601AA8AF12001363DA /* EHCustomTransitionBug */ = {
			isa = PBXNativeTarget;
			buildConfigurationList = FD75A2841AA8AF13001363DA /* Build configuration list for PBXNativeTarget "EHCustomTransitionBug" */;
			buildPhases = (
				FD75A25D1AA8AF12001363DA /* Sources */,
				FD75A25E1AA8AF12001363DA /* Frameworks */,
				FD75A25F1AA8AF12001363DA /* Resources */,
			);
			buildRules = (
			);
			dependencies = (
			);
			name = EHCustomTransitionBug;
			productName = EHCustomTransitionBug;
			productReference = FD75A2611AA8AF12001363DA /* EHCustomTransitionBug.app */;
			productType = "com.apple.product-type.application";
		};
		FD75A2791AA8AF13001363DA /* EHCustomTransitionBugTests */ = {
			isa = PBXNativeTarget;
			buildConfigurationList = FD75A2871AA8AF13001363DA /* Build configuration list for PBXNativeTarget "EHCustomTransitionBugTests" */;
			buildPhases = (
				FD75A2761AA8AF13001363DA /* Sources */,
				FD75A2771AA8AF13001363DA /* Frameworks */,
				FD75A2781AA8AF13001363DA /* Resources */,
			);
			buildRules = (
			);
			dependencies = (
				FD75A27C1AA8AF13001363DA /* PBXTargetDependency */,
			);
			name = EHCustomTransitionBugTests;
			productName = EHCustomTransitionBugTests;
			productReference = FD75A27A1AA8AF13001363DA /* EHCustomTransitionBugTests.xctest */;
			productType = "com.apple.product-type.bundle.unit-test";
		};
/* End PBXNativeTarget section */

/* Begin PBXProject section */
		FD75A2591AA8AF12001363DA /* Project object */ = {
			isa = PBXProject;
			attributes = {
				LastUpgradeCheck = 0610;
				ORGANIZATIONNAME = "Eric Hyche";
				TargetAttributes = {
					FD75A2601AA8AF12001363DA = {
						CreatedOnToolsVersion = 6.1;
					};
					FD75A2791AA8AF13001363DA = {
						CreatedOnToolsVersion = 6.1;
						TestTargetID = FD75A2601AA8AF12001363DA;
					};
				};
			};
			buildConfigurationList = FD75A25C1AA8AF12001363DA /* Build configuration list for PBXProject "EHCustomTransitionBug" */;
			compatibilityVersion = "Xcode 3.2";
			developmentRegion = English;
			hasScannedForEncodings = 0;
			knownRegions = (
				en,
				Base,
			);
			mainGroup = FD75A2581AA8AF12001363DA;
			productRefGroup = FD75A2621AA8AF12001363DA /* Products */;
			projectDirPath = "";
			projectRoot = "";
			targets = (
				FD75A2601AA8AF12001363DA /* EHCustomTransitionBug */,
				FD75A2791AA8AF13001363DA /* EHCustomTransitionBugTests */,
			);
		};
/* End PBXProject section */

/* Begin PBXResourcesBuildPhase section */
		FD75A25F1AA8AF12001363DA /* Resources */ = {
			isa = PBXResourcesBuildPhase;
			buildActionMask = 2147483647;
			files = (
				FD75A2751AA8AF12001363DA /* LaunchScreen.xib in Resources */,
				FD75A2721AA8AF12001363DA /* Images.xcassets in Resources */,
			);
			runOnlyForDeploymentPostprocessing = 0;
		};
		FD75A2781AA8AF13001363DA /* Resources */ = {
			isa = PBXResourcesBuildPhase;
			buildActionMask = 2147483647;
			files = (
			);
			runOnlyForDeploymentPostprocessing = 0;
		};
/* End PBXResourcesBuildPhase section */

/* Begin PBXSourcesBuildPhase section */
		FD75A25D1AA8AF12001363DA /* Sources */ = {
			isa = PBXSourcesBuildPhase;
			buildActionMask = 2147483647;
			files = (
				FD702A7F1AA8FA34003F4FAD /* EHModalTransitionStyleInfo.m in Sources */,
				FD702A901AA96518003F4FAD /* EHSelectionOption.m in Sources */,
				FDAC4C211AAE7132004D3983 /* EHCrossDissolveAnimationController.m in Sources */,
				FD5E962D1AAB6AD300C0AA9D /* EHBooleanSwitchCell.m in Sources */,
				FDAC4C241AAE7409004D3983 /* EHZoomInAnimationController.m in Sources */,
				FD5E96331AAB6DC700C0AA9D /* EHNameValueChangeCell.m in Sources */,
				FD5E96301AAB6D2200C0AA9D /* EHNameValueDisplayCell.m in Sources */,
				FD74F38F1AAD116800D45EA1 /* EHViewController.m in Sources */,
				FD1CF3061AAD52B5004B2096 /* EHDimPresentationController.m in Sources */,
				FDAC4C1E1AAE69BC004D3983 /* EHCoverVerticalAnimationController.m in Sources */,
				FDAC4C281AAE7A2D004D3983 /* EHCustomPresentationStyleInfo.m in Sources */,
				FD702A7C1AA8F973003F4FAD /* EHModalPresentationStyleInfo.m in Sources */,
				FD702A8A1AA96194003F4FAD /* EHCustomTransitionStyleInfo.m in Sources */,
				FD75A26A1AA8AF12001363DA /* AppDelegate.m in Sources */,
				FD1CF3031AAD5222004B2096 /* EHBlurPresentationController.m in Sources */,
				FD74F3931AAD1A8D00D45EA1 /* EHNavigationController.m in Sources */,
				FD75A2671AA8AF12001363DA /* main.m in Sources */,
				FD702A8D1AA962B4003F4FAD /* EHSelectionTableViewController.m in Sources */,
				FDAC4C171AAE6194004D3983 /* EHFullScreenPresentationController.m in Sources */,
			);
			runOnlyForDeploymentPostprocessing = 0;
		};
		FD75A2761AA8AF13001363DA /* Sources */ = {
			isa = PBXSourcesBuildPhase;
			buildActionMask = 2147483647;
			files = (
				FD75A2811AA8AF13001363DA /* EHCustomTransitionBugTests.m in Sources */,
			);
			runOnlyForDeploymentPostprocessing = 0;
		};
/* End PBXSourcesBuildPhase section */

/* Begin PBXTargetDependency section */
		FD75A27C1AA8AF13001363DA /* PBXTargetDependency */ = {
			isa = PBXTargetDependency;
			target = FD75A2601AA8AF12001363DA /* EHCustomTransitionBug */;
			targetProxy = FD75A27B1AA8AF13001363DA /* PBXContainerItemProxy */;
		};
/* End PBXTargetDependency section */

/* Begin PBXVariantGroup section */
		FD75A2731AA8AF12001363DA /* LaunchScreen.xib */ = {
			isa = PBXVariantGroup;
			children = (
				FD75A2741AA8AF12001363DA /* Base */,
			);
			name = LaunchScreen.xib;
			sourceTree = "<group>";
		};
/* End PBXVariantGroup section */

/* Begin XCBuildConfiguration section */
		FD75A2821AA8AF13001363DA /* Debug */ = {
			isa = XCBuildConfiguration;
			buildSettings = {
				ALWAYS_SEARCH_USER_PATHS = NO;
				CLANG_CXX_LANGUAGE_STANDARD = "gnu++0x";
				CLANG_CXX_LIBRARY = "libc++";
				CLANG_ENABLE_MODULES = YES;
				CLANG_ENABLE_OBJC_ARC = YES;
				CLANG_WARN_BOOL_CONVERSION = YES;
				CLANG_WARN_CONSTANT_CONVERSION = YES;
				CLANG_WARN_DIRECT_OBJC_ISA_USAGE = YES_ERROR;
				CLANG_WARN_EMPTY_BODY = YES;
				CLANG_WARN_ENUM_CONVERSION = YES;
				CLANG_WARN_INT_CONVERSION = YES;
				CLANG_WARN_OBJC_ROOT_CLASS = YES_ERROR;
				CLANG_WARN_UNREACHABLE_CODE = YES;
				CLANG_WARN__DUPLICATE_METHOD_MATCH = YES;
				"CODE_SIGN_IDENTITY[sdk=iphoneos*]" = "iPhone Developer";
				COPY_PHASE_STRIP = NO;
				ENABLE_STRICT_OBJC_MSGSEND = YES;
				GCC_C_LANGUAGE_STANDARD = gnu99;
				GCC_DYNAMIC_NO_PIC = NO;
				GCC_OPTIMIZATION_LEVEL = 0;
				GCC_PREPROCESSOR_DEFINITIONS = (
					"DEBUG=1",
					"$(inherited)",
				);
				GCC_SYMBOLS_PRIVATE_EXTERN = NO;
				GCC_WARN_64_TO_32_BIT_CONVERSION = YES;
				GCC_WARN_ABOUT_RETURN_TYPE = YES_ERROR;
				GCC_WARN_UNDECLARED_SELECTOR = YES;
				GCC_WARN_UNINITIALIZED_AUTOS = YES_AGGRESSIVE;
				GCC_WARN_UNUSED_FUNCTION = YES;
				GCC_WARN_UNUSED_VARIABLE = YES;
				IPHONEOS_DEPLOYMENT_TARGET = 8.1;
				MTL_ENABLE_DEBUG_INFO = YES;
				ONLY_ACTIVE_ARCH = YES;
				SDKROOT = iphoneos;
				TARGETED_DEVICE_FAMILY = "1,2";
			};
			name = Debug;
		};
		FD75A2831AA8AF13001363DA /* Release */ = {
			isa = XCBuildConfiguration;
			buildSettings = {
				ALWAYS_SEARCH_USER_PATHS = NO;
				CLANG_CXX_LANGUAGE_STANDARD = "gnu++0x";
				CLANG_CXX_LIBRARY = "libc++";
				CLANG_ENABLE_MODULES = YES;
				CLANG_ENABLE_OBJC_ARC = YES;
				CLANG_WARN_BOOL_CONVERSION = YES;
				CLANG_WARN_CONSTANT_CONVERSION = YES;
				CLANG_WARN_DIRECT_OBJC_ISA_USAGE = YES_ERROR;
				CLANG_WARN_EMPTY_BODY = YES;
				CLANG_WARN_ENUM_CONVERSION = YES;
				CLANG_WARN_INT_CONVERSION = YES;
				CLANG_WARN_OBJC_ROOT_CLASS = YES_ERROR;
				CLANG_WARN_UNREACHABLE_CODE = YES;
				CLANG_WARN__DUPLICATE_METHOD_MATCH = YES;
				"CODE_SIGN_IDENTITY[sdk=iphoneos*]" = "iPhone Developer";
				COPY_PHASE_STRIP = YES;
				ENABLE_NS_ASSERTIONS = NO;
				ENABLE_STRICT_OBJC_MSGSEND = YES;
				GCC_C_LANGUAGE_STANDARD = gnu99;
				GCC_WARN_64_TO_32_BIT_CONVERSION = YES;
				GCC_WARN_ABOUT_RETURN_TYPE = YES_ERROR;
				GCC_WARN_UNDECLARED_SELECTOR = YES;
				GCC_WARN_UNINITIALIZED_AUTOS = YES_AGGRESSIVE;
				GCC_WARN_UNUSED_FUNCTION = YES;
				GCC_WARN_UNUSED_VARIABLE = YES;
				IPHONEOS_DEPLOYMENT_TARGET = 8.1;
				MTL_ENABLE_DEBUG_INFO = NO;
				SDKROOT = iphoneos;
				TARGETED_DEVICE_FAMILY = "1,2";
				VALIDATE_PRODUCT = YES;
			};
			name = Release;
		};
		FD75A2851AA8AF13001363DA /* Debug */ = {
			isa = XCBuildConfiguration;
			buildSettings = {
				ASSETCATALOG_COMPILER_APPICON_NAME = AppIcon;
				INFOPLIST_FILE = EHCustomTransitionBug/Info.plist;
				IPHONEOS_DEPLOYMENT_TARGET = 7.0;
				LD_RUNPATH_SEARCH_PATHS = "$(inherited) @executable_path/Frameworks";
				PRODUCT_NAME = "$(TARGET_NAME)";
				TARGETED_DEVICE_FAMILY = "1,2";
			};
			name = Debug;
		};
		FD75A2861AA8AF13001363DA /* Release */ = {
			isa = XCBuildConfiguration;
			buildSettings = {
				ASSETCATALOG_COMPILER_APPICON_NAME = AppIcon;
				INFOPLIST_FILE = EHCustomTransitionBug/Info.plist;
				IPHONEOS_DEPLOYMENT_TARGET = 7.0;
				LD_RUNPATH_SEARCH_PATHS = "$(inherited) @executable_path/Frameworks";
				PRODUCT_NAME = "$(TARGET_NAME)";
				TARGETED_DEVICE_FAMILY = "1,2";
			};
			name = Release;
		};
		FD75A2881AA8AF13001363DA /* Debug */ = {
			isa = XCBuildConfiguration;
			buildSettings = {
				BUNDLE_LOADER = "$(TEST_HOST)";
				FRAMEWORK_SEARCH_PATHS = (
					"$(SDKROOT)/Developer/Library/Frameworks",
					"$(inherited)",
				);
				GCC_PREPROCESSOR_DEFINITIONS = (
					"DEBUG=1",
					"$(inherited)",
				);
				INFOPLIST_FILE = EHCustomTransitionBugTests/Info.plist;
				LD_RUNPATH_SEARCH_PATHS = "$(inherited) @executable_path/Frameworks @loader_path/Frameworks";
				PRODUCT_NAME = "$(TARGET_NAME)";
				TEST_HOST = "$(BUILT_PRODUCTS_DIR)/EHCustomTransitionBug.app/EHCustomTransitionBug";
			};
			name = Debug;
		};
		FD75A2891AA8AF13001363DA /* Release */ = {
			isa = XCBuildConfiguration;
			buildSettings = {
				BUNDLE_LOADER = "$(TEST_HOST)";
				FRAMEWORK_SEARCH_PATHS = (
					"$(SDKROOT)/Developer/Library/Frameworks",
					"$(inherited)",
				);
				INFOPLIST_FILE = EHCustomTransitionBugTests/Info.plist;
				LD_RUNPATH_SEARCH_PATHS = "$(inherited) @executable_path/Frameworks @loader_path/Frameworks";
				PRODUCT_NAME = "$(TARGET_NAME)";
				TEST_HOST = "$(BUILT_PRODUCTS_DIR)/EHCustomTransitionBug.app/EHCustomTransitionBug";
			};
			name = Release;
		};
/* End XCBuildConfiguration section */

/* Begin XCConfigurationList section */
		FD75A25C1AA8AF12001363DA /* Build configuration list for PBXProject "EHCustomTransitionBug" */ = {
			isa = XCConfigurationList;
			buildConfigurations = (
				FD75A2821AA8AF13001363DA /* Debug */,
				FD75A2831AA8AF13001363DA /* Release */,
			);
			defaultConfigurationIsVisible = 0;
			defaultConfigurationName = Release;
		};
		FD75A2841AA8AF13001363DA /* Build configuration list for PBXNativeTarget "EHCustomTransitionBug" */ = {
			isa = XCConfigurationList;
			buildConfigurations = (
				FD75A2851AA8AF13001363DA /* Debug */,
				FD75A2861AA8AF13001363DA /* Release */,
			);
			defaultConfigurationIsVisible = 0;
			defaultConfigurationName = Release;
		};
		FD75A2871AA8AF13001363DA /* Build configuration list for PBXNativeTarget "EHCustomTransitionBugTests" */ = {
			isa = XCConfigurationList;
			buildConfigurations = (
				FD75A2881AA8AF13001363DA /* Debug */,
				FD75A2891AA8AF13001363DA /* Release */,
			);
			defaultConfigurationIsVisible = 0;
			defaultConfigurationName = Release;
		};
/* End XCConfigurationList section */
	};
	rootObject = FD75A2591AA8AF12001363DA /* Project object */;
}
